
Microsoft Visual Studio Solution File, Format Version 12.00
# Visual Studio 15
VisualStudioVersion = 15.0.27004.2010
MinimumVisualStudioVersion = 10.0.40219.1
Project("{FAE04EC0-301F-11D3-BF4B-00C04F79EFBC}") = "WebScraper2", "WebScraper2\WebScraper2.csproj", "{ED8A246B-38C0-4BD7-B26E-24D65647F5D9}"
EndProject
Global
	GlobalSection(SolutionConfigurationPlatforms) = preSolution
		Debug|Any CPU = Debug|Any CPU
		Release|Any CPU = Release|Any CPU
	EndGlobalSection
	GlobalSection(ProjectConfigurationPlatforms) = postSolution
		{ED8A246B-38C0-4BD7-B26E-24D65647F5D9}.Debug|Any CPU.ActiveCfg = Debug|Any CPU
		{ED8A246B-38C0-4BD7-B26E-24D65647F5D9}.Debug|Any CPU.Build.0 = Debug|Any CPU
		{ED8A246B-38C0-4BD7-B26E-24D65647F5D9}.Release|Any CPU.ActiveCfg = Release|Any CPU
		{ED8A246B-38C0-4BD7-B26E-24D65647F5D9}.Release|Any CPU.Build.0 = Release|Any CPU
	EndGlobalSection
	GlobalSection(SolutionProperties) = preSolution
		HideSolutionNode = FALSE
	EndGlobalSection
	GlobalSection(ExtensibilityGlobals) = postSolution
		SolutionGuid = {974CD2B9-3B09-46B8-B055-DB3AF27A675C}
	EndGlobalSection
EndGlobal
