
Microsoft Visual Studio Solution File, Format Version 12.00
# Visual Studio 15
VisualStudioVersion = 15.0.27004.2010
MinimumVisualStudioVersion = 10.0.40219.1
Project("{FAE04EC0-301F-11D3-BF4B-00C04F79EFBC}") = "SQLCodeProject", "SQLCodeProject\SQLCodeProject.csproj", "{D41B6BE0-BAF6-40B4-AA84-574ACFAF47F0}"
EndProject
Global
	GlobalSection(SolutionConfigurationPlatforms) = preSolution
		Debug|Any CPU = Debug|Any CPU
		Release|Any CPU = Release|Any CPU
	EndGlobalSection
	GlobalSection(ProjectConfigurationPlatforms) = postSolution
		{D41B6BE0-BAF6-40B4-AA84-574ACFAF47F0}.Debug|Any CPU.ActiveCfg = Debug|Any CPU
		{D41B6BE0-BAF6-40B4-AA84-574ACFAF47F0}.Debug|Any CPU.Build.0 = Debug|Any CPU
		{D41B6BE0-BAF6-40B4-AA84-574ACFAF47F0}.Release|Any CPU.ActiveCfg = Release|Any CPU
		{D41B6BE0-BAF6-40B4-AA84-574ACFAF47F0}.Release|Any CPU.Build.0 = Release|Any CPU
	EndGlobalSection
	GlobalSection(SolutionProperties) = preSolution
		HideSolutionNode = FALSE
	EndGlobalSection
	GlobalSection(ExtensibilityGlobals) = postSolution
		SolutionGuid = {BD292211-0B71-48EB-8306-5DEB933978D2}
	EndGlobalSection
EndGlobal
