
Microsoft Visual Studio Solution File, Format Version 12.00
# Visual Studio 15
VisualStudioVersion = 15.0.27004.2010
MinimumVisualStudioVersion = 10.0.40219.1
Project("{FAE04EC0-301F-11D3-BF4B-00C04F79EFBC}") = "WhizDomSelenimExample1", "WhizDomSelenimExample1\WhizDomSelenimExample1.csproj", "{9D15CAC0-E1BC-4330-98F0-63210B6F47EA}"
EndProject
Global
	GlobalSection(SolutionConfigurationPlatforms) = preSolution
		Debug|Any CPU = Debug|Any CPU
		Release|Any CPU = Release|Any CPU
	EndGlobalSection
	GlobalSection(ProjectConfigurationPlatforms) = postSolution
		{9D15CAC0-E1BC-4330-98F0-63210B6F47EA}.Debug|Any CPU.ActiveCfg = Debug|Any CPU
		{9D15CAC0-E1BC-4330-98F0-63210B6F47EA}.Debug|Any CPU.Build.0 = Debug|Any CPU
		{9D15CAC0-E1BC-4330-98F0-63210B6F47EA}.Release|Any CPU.ActiveCfg = Release|Any CPU
		{9D15CAC0-E1BC-4330-98F0-63210B6F47EA}.Release|Any CPU.Build.0 = Release|Any CPU
	EndGlobalSection
	GlobalSection(SolutionProperties) = preSolution
		HideSolutionNode = FALSE
	EndGlobalSection
	GlobalSection(ExtensibilityGlobals) = postSolution
		SolutionGuid = {A5C91D9B-3957-40E0-A590-BBA22E998F1B}
	EndGlobalSection
EndGlobal
